
Microsoft Visual Studio Solution File, Format Version 12.00
# Visual Studio Version 17
VisualStudioVersion = 17.0.32112.339
MinimumVisualStudioVersion = 10.0.40219.1
Project("{FAE04EC0-301F-11D3-BF4B-00C04F79EFBC}") = "BrenBaga-Lab2", "BrenBaga-Lab2.csproj", "{2043A6C6-C346-4558-829F-27790DCDCEDE}"
EndProject
Global
	GlobalSection(SolutionConfigurationPlatforms) = preSolution
		Debug|Any CPU = Debug|Any CPU
		Release|Any CPU = Release|Any CPU
	EndGlobalSection
	GlobalSection(ProjectConfigurationPlatforms) = postSolution
		{2043A6C6-C346-4558-829F-27790DCDCEDE}.Debug|Any CPU.ActiveCfg = Debug|Any CPU
		{2043A6C6-C346-4558-829F-27790DCDCEDE}.Debug|Any CPU.Build.0 = Debug|Any CPU
		{2043A6C6-C346-4558-829F-27790DCDCEDE}.Release|Any CPU.ActiveCfg = Release|Any CPU
		{2043A6C6-C346-4558-829F-27790DCDCEDE}.Release|Any CPU.Build.0 = Release|Any CPU
	EndGlobalSection
	GlobalSection(SolutionProperties) = preSolution
		HideSolutionNode = FALSE
	EndGlobalSection
	GlobalSection(ExtensibilityGlobals) = postSolution
		SolutionGuid = {57AE81E4-A5E1-4780-971B-8FE9EDAF640D}
	EndGlobalSection
EndGlobal
